
Microsoft Visual Studio Solution File, Format Version 12.00
# Visual Studio Version 17
VisualStudioVersion = 17.10.35122.118
MinimumVisualStudioVersion = 10.0.40219.1
Project("{FAE04EC0-301F-11D3-BF4B-00C04F79EFBC}") = "InventorySystem", "InventorySystem.csproj", "{DB14EAE5-1083-4C6B-A559-D73FD87BBF6B}"
EndProject
Global
	GlobalSection(SolutionConfigurationPlatforms) = preSolution
		Debug|Any CPU = Debug|Any CPU
		Release|Any CPU = Release|Any CPU
	EndGlobalSection
	GlobalSection(ProjectConfigurationPlatforms) = postSolution
		{DB14EAE5-1083-4C6B-A559-D73FD87BBF6B}.Debug|Any CPU.ActiveCfg = Debug|Any CPU
		{DB14EAE5-1083-4C6B-A559-D73FD87BBF6B}.Debug|Any CPU.Build.0 = Debug|Any CPU
		{DB14EAE5-1083-4C6B-A559-D73FD87BBF6B}.Release|Any CPU.ActiveCfg = Release|Any CPU
		{DB14EAE5-1083-4C6B-A559-D73FD87BBF6B}.Release|Any CPU.Build.0 = Release|Any CPU
	EndGlobalSection
	GlobalSection(SolutionProperties) = preSolution
		HideSolutionNode = FALSE
	EndGlobalSection
	GlobalSection(ExtensibilityGlobals) = postSolution
		SolutionGuid = {2F3FE1D3-34B6-4054-BDB3-17B71857909C}
	EndGlobalSection
EndGlobal
